
Microsoft Visual Studio Solution File, Format Version 12.00
# Visual Studio Version 17
VisualStudioVersion = 17.2.32526.322
MinimumVisualStudioVersion = 10.0.40219.1
Project("{FAE04EC0-301F-11D3-BF4B-00C04F79EFBC}") = "hafta5", "hafta5\hafta5.csproj", "{AB54102F-B26F-439A-92CD-174AF30DB91C}"
EndProject
Global
	GlobalSection(SolutionConfigurationPlatforms) = preSolution
		Debug|Any CPU = Debug|Any CPU
		Release|Any CPU = Release|Any CPU
	EndGlobalSection
	GlobalSection(ProjectConfigurationPlatforms) = postSolution
		{AB54102F-B26F-439A-92CD-174AF30DB91C}.Debug|Any CPU.ActiveCfg = Debug|Any CPU
		{AB54102F-B26F-439A-92CD-174AF30DB91C}.Debug|Any CPU.Build.0 = Debug|Any CPU
		{AB54102F-B26F-439A-92CD-174AF30DB91C}.Release|Any CPU.ActiveCfg = Release|Any CPU
		{AB54102F-B26F-439A-92CD-174AF30DB91C}.Release|Any CPU.Build.0 = Release|Any CPU
	EndGlobalSection
	GlobalSection(SolutionProperties) = preSolution
		HideSolutionNode = FALSE
	EndGlobalSection
	GlobalSection(ExtensibilityGlobals) = postSolution
		SolutionGuid = {ADD33FF7-A6E1-4ECA-929A-4E6AD9299338}
	EndGlobalSection
EndGlobal
