
Microsoft Visual Studio Solution File, Format Version 12.00
# Visual Studio Version 17
VisualStudioVersion = 17.2.32526.322
MinimumVisualStudioVersion = 10.0.40219.1
Project("{FAE04EC0-301F-11D3-BF4B-00C04F79EFBC}") = "Hafta5_", "Hafta5_\Hafta5_.csproj", "{2636E637-4095-449D-8777-8CF143ECEEEB}"
EndProject
Global
	GlobalSection(SolutionConfigurationPlatforms) = preSolution
		Debug|Any CPU = Debug|Any CPU
		Release|Any CPU = Release|Any CPU
	EndGlobalSection
	GlobalSection(ProjectConfigurationPlatforms) = postSolution
		{2636E637-4095-449D-8777-8CF143ECEEEB}.Debug|Any CPU.ActiveCfg = Debug|Any CPU
		{2636E637-4095-449D-8777-8CF143ECEEEB}.Debug|Any CPU.Build.0 = Debug|Any CPU
		{2636E637-4095-449D-8777-8CF143ECEEEB}.Release|Any CPU.ActiveCfg = Release|Any CPU
		{2636E637-4095-449D-8777-8CF143ECEEEB}.Release|Any CPU.Build.0 = Release|Any CPU
	EndGlobalSection
	GlobalSection(SolutionProperties) = preSolution
		HideSolutionNode = FALSE
	EndGlobalSection
	GlobalSection(ExtensibilityGlobals) = postSolution
		SolutionGuid = {D771C93B-2BA3-40AC-960A-DF4935E15C8E}
	EndGlobalSection
EndGlobal
