
Microsoft Visual Studio Solution File, Format Version 12.00
# Visual Studio Version 17
VisualStudioVersion = 17.2.32526.322
MinimumVisualStudioVersion = 10.0.40219.1
Project("{FAE04EC0-301F-11D3-BF4B-00C04F79EFBC}") = "hafta4", "hafta4\hafta4.csproj", "{31544F34-3D1B-47FA-8942-BAC07FA1207E}"
EndProject
Global
	GlobalSection(SolutionConfigurationPlatforms) = preSolution
		Debug|Any CPU = Debug|Any CPU
		Release|Any CPU = Release|Any CPU
	EndGlobalSection
	GlobalSection(ProjectConfigurationPlatforms) = postSolution
		{31544F34-3D1B-47FA-8942-BAC07FA1207E}.Debug|Any CPU.ActiveCfg = Debug|Any CPU
		{31544F34-3D1B-47FA-8942-BAC07FA1207E}.Debug|Any CPU.Build.0 = Debug|Any CPU
		{31544F34-3D1B-47FA-8942-BAC07FA1207E}.Release|Any CPU.ActiveCfg = Release|Any CPU
		{31544F34-3D1B-47FA-8942-BAC07FA1207E}.Release|Any CPU.Build.0 = Release|Any CPU
	EndGlobalSection
	GlobalSection(SolutionProperties) = preSolution
		HideSolutionNode = FALSE
	EndGlobalSection
	GlobalSection(ExtensibilityGlobals) = postSolution
		SolutionGuid = {2B9B1DE4-FF18-4669-A964-0F058ABBED34}
	EndGlobalSection
EndGlobal
