
Microsoft Visual Studio Solution File, Format Version 12.00
# Visual Studio Version 17
VisualStudioVersion = 17.2.32526.322
MinimumVisualStudioVersion = 10.0.40219.1
Project("{9A19103F-16F7-4668-BE54-9A1E7A4F7556}") = "hafta7", "hafta7\hafta7.csproj", "{C571055E-0575-4774-850E-0E41462B661B}"
EndProject
Project("{9A19103F-16F7-4668-BE54-9A1E7A4F7556}") = "Araclar", "Araclar\Araclar.csproj", "{50ED3045-D441-4170-8F91-2599CE65327C}"
EndProject
Project("{9A19103F-16F7-4668-BE54-9A1E7A4F7556}") = "Alisveris", "Alisveris\Alisveris.csproj", "{5A08F7BB-1B0D-4443-AD5B-0D4DB14B70E7}"
EndProject
Project("{9A19103F-16F7-4668-BE54-9A1E7A4F7556}") = "NufusKontrol", "NufusKontrol\NufusKontrol.csproj", "{4B2FFB65-B94C-41CD-B393-CF9177DDF8BB}"
EndProject
Project("{9A19103F-16F7-4668-BE54-9A1E7A4F7556}") = "ConsoleApp9", "ConsoleApp9\ConsoleApp9.csproj", "{236C1B8C-134E-40AD-AD09-5558744637DD}"
EndProject
Global
	GlobalSection(SolutionConfigurationPlatforms) = preSolution
		Debug|Any CPU = Debug|Any CPU
		Release|Any CPU = Release|Any CPU
	EndGlobalSection
	GlobalSection(ProjectConfigurationPlatforms) = postSolution
		{C571055E-0575-4774-850E-0E41462B661B}.Debug|Any CPU.ActiveCfg = Debug|Any CPU
		{C571055E-0575-4774-850E-0E41462B661B}.Debug|Any CPU.Build.0 = Debug|Any CPU
		{C571055E-0575-4774-850E-0E41462B661B}.Release|Any CPU.ActiveCfg = Release|Any CPU
		{C571055E-0575-4774-850E-0E41462B661B}.Release|Any CPU.Build.0 = Release|Any CPU
		{50ED3045-D441-4170-8F91-2599CE65327C}.Debug|Any CPU.ActiveCfg = Debug|Any CPU
		{50ED3045-D441-4170-8F91-2599CE65327C}.Debug|Any CPU.Build.0 = Debug|Any CPU
		{50ED3045-D441-4170-8F91-2599CE65327C}.Release|Any CPU.ActiveCfg = Release|Any CPU
		{50ED3045-D441-4170-8F91-2599CE65327C}.Release|Any CPU.Build.0 = Release|Any CPU
		{5A08F7BB-1B0D-4443-AD5B-0D4DB14B70E7}.Debug|Any CPU.ActiveCfg = Debug|Any CPU
		{5A08F7BB-1B0D-4443-AD5B-0D4DB14B70E7}.Debug|Any CPU.Build.0 = Debug|Any CPU
		{5A08F7BB-1B0D-4443-AD5B-0D4DB14B70E7}.Release|Any CPU.ActiveCfg = Release|Any CPU
		{5A08F7BB-1B0D-4443-AD5B-0D4DB14B70E7}.Release|Any CPU.Build.0 = Release|Any CPU
		{4B2FFB65-B94C-41CD-B393-CF9177DDF8BB}.Debug|Any CPU.ActiveCfg = Debug|Any CPU
		{4B2FFB65-B94C-41CD-B393-CF9177DDF8BB}.Debug|Any CPU.Build.0 = Debug|Any CPU
		{4B2FFB65-B94C-41CD-B393-CF9177DDF8BB}.Release|Any CPU.ActiveCfg = Release|Any CPU
		{4B2FFB65-B94C-41CD-B393-CF9177DDF8BB}.Release|Any CPU.Build.0 = Release|Any CPU
		{236C1B8C-134E-40AD-AD09-5558744637DD}.Debug|Any CPU.ActiveCfg = Debug|Any CPU
		{236C1B8C-134E-40AD-AD09-5558744637DD}.Debug|Any CPU.Build.0 = Debug|Any CPU
		{236C1B8C-134E-40AD-AD09-5558744637DD}.Release|Any CPU.ActiveCfg = Release|Any CPU
		{236C1B8C-134E-40AD-AD09-5558744637DD}.Release|Any CPU.Build.0 = Release|Any CPU
	EndGlobalSection
	GlobalSection(SolutionProperties) = preSolution
		HideSolutionNode = FALSE
	EndGlobalSection
	GlobalSection(ExtensibilityGlobals) = postSolution
		SolutionGuid = {9060F0DF-14B2-4CC4-B5DB-75EEF118457A}
	EndGlobalSection
EndGlobal
